
Microsoft Visual Studio Solution File, Format Version 12.00
# Visual Studio 15
Project("{FAE04EC0-301F-11D3-BF4B-00C04F79EFBC}") = "ColorPickerAndroidTest", "ColorPickerTest\ColorPickerAndroidTest.csproj", "{DEAF9BE9-0121-4E3A-90CE-0EDE39C20499}"
EndProject
Project("{FAE04EC0-301F-11D3-BF4B-00C04F79EFBC}") = "ColorPickeriOSTest", "ColorPickeriOSTest\ColorPickeriOSTest.csproj", "{A6E2DB79-AD63-443F-B9BD-33412891094F}"
EndProject
Global
	GlobalSection(SolutionConfigurationPlatforms) = preSolution
		Debug|Any CPU = Debug|Any CPU
		Release|Any CPU = Release|Any CPU
		Debug|iPhoneSimulator = Debug|iPhoneSimulator
		Release|iPhoneSimulator = Release|iPhoneSimulator
		Debug|iPhone = Debug|iPhone
		Release|iPhone = Release|iPhone
	EndGlobalSection
	GlobalSection(ProjectConfigurationPlatforms) = postSolution
		{DEAF9BE9-0121-4E3A-90CE-0EDE39C20499}.Debug|Any CPU.ActiveCfg = Debug|Any CPU
		{DEAF9BE9-0121-4E3A-90CE-0EDE39C20499}.Debug|Any CPU.Build.0 = Debug|Any CPU
		{DEAF9BE9-0121-4E3A-90CE-0EDE39C20499}.Release|Any CPU.ActiveCfg = Release|Any CPU
		{DEAF9BE9-0121-4E3A-90CE-0EDE39C20499}.Release|Any CPU.Build.0 = Release|Any CPU
		{DEAF9BE9-0121-4E3A-90CE-0EDE39C20499}.Debug|iPhoneSimulator.ActiveCfg = Debug|Any CPU
		{DEAF9BE9-0121-4E3A-90CE-0EDE39C20499}.Debug|iPhoneSimulator.Build.0 = Debug|Any CPU
		{DEAF9BE9-0121-4E3A-90CE-0EDE39C20499}.Release|iPhoneSimulator.ActiveCfg = Release|Any CPU
		{DEAF9BE9-0121-4E3A-90CE-0EDE39C20499}.Release|iPhoneSimulator.Build.0 = Release|Any CPU
		{DEAF9BE9-0121-4E3A-90CE-0EDE39C20499}.Debug|iPhone.ActiveCfg = Debug|Any CPU
		{DEAF9BE9-0121-4E3A-90CE-0EDE39C20499}.Debug|iPhone.Build.0 = Debug|Any CPU
		{DEAF9BE9-0121-4E3A-90CE-0EDE39C20499}.Release|iPhone.ActiveCfg = Release|Any CPU
		{DEAF9BE9-0121-4E3A-90CE-0EDE39C20499}.Release|iPhone.Build.0 = Release|Any CPU
		{A6E2DB79-AD63-443F-B9BD-33412891094F}.Debug|Any CPU.ActiveCfg = Debug|iPhoneSimulator
		{A6E2DB79-AD63-443F-B9BD-33412891094F}.Debug|Any CPU.Build.0 = Debug|iPhoneSimulator
		{A6E2DB79-AD63-443F-B9BD-33412891094F}.Release|Any CPU.ActiveCfg = Release|iPhoneSimulator
		{A6E2DB79-AD63-443F-B9BD-33412891094F}.Release|Any CPU.Build.0 = Release|iPhoneSimulator
		{A6E2DB79-AD63-443F-B9BD-33412891094F}.Debug|iPhoneSimulator.ActiveCfg = Debug|iPhoneSimulator
		{A6E2DB79-AD63-443F-B9BD-33412891094F}.Debug|iPhoneSimulator.Build.0 = Debug|iPhoneSimulator
		{A6E2DB79-AD63-443F-B9BD-33412891094F}.Release|iPhoneSimulator.ActiveCfg = Release|iPhoneSimulator
		{A6E2DB79-AD63-443F-B9BD-33412891094F}.Release|iPhoneSimulator.Build.0 = Release|iPhoneSimulator
		{A6E2DB79-AD63-443F-B9BD-33412891094F}.Debug|iPhone.ActiveCfg = Debug|iPhone
		{A6E2DB79-AD63-443F-B9BD-33412891094F}.Debug|iPhone.Build.0 = Debug|iPhone
		{A6E2DB79-AD63-443F-B9BD-33412891094F}.Release|iPhone.ActiveCfg = Release|iPhone
		{A6E2DB79-AD63-443F-B9BD-33412891094F}.Release|iPhone.Build.0 = Release|iPhone
	EndGlobalSection
EndGlobal
